
Microsoft Visual Studio Solution File, Format Version 12.00
# Visual Studio Version 16
VisualStudioVersion = 16.0.30717.126
MinimumVisualStudioVersion = 10.0.40219.1
Project("{FAE04EC0-301F-11D3-BF4B-00C04F79EFBC}") = "Filtering Computer Monitors", "Filtering Computer Monitors\Filtering Computer Monitors.csproj", "{B7E14006-B24A-43F9-8D3F-846D92027625}"
EndProject
Global
	GlobalSection(SolutionConfigurationPlatforms) = preSolution
		Debug|Any CPU = Debug|Any CPU
		Release|Any CPU = Release|Any CPU
	EndGlobalSection
	GlobalSection(ProjectConfigurationPlatforms) = postSolution
		{B7E14006-B24A-43F9-8D3F-846D92027625}.Debug|Any CPU.ActiveCfg = Debug|Any CPU
		{B7E14006-B24A-43F9-8D3F-846D92027625}.Debug|Any CPU.Build.0 = Debug|Any CPU
		{B7E14006-B24A-43F9-8D3F-846D92027625}.Release|Any CPU.ActiveCfg = Release|Any CPU
		{B7E14006-B24A-43F9-8D3F-846D92027625}.Release|Any CPU.Build.0 = Release|Any CPU
	EndGlobalSection
	GlobalSection(SolutionProperties) = preSolution
		HideSolutionNode = FALSE
	EndGlobalSection
	GlobalSection(ExtensibilityGlobals) = postSolution
		SolutionGuid = {3B3FF5B7-27E0-4AC5-A19A-1DECF2C50FBF}
	EndGlobalSection
EndGlobal
