
Microsoft Visual Studio Solution File, Format Version 12.00
# Visual Studio Version 16
VisualStudioVersion = 16.0.30717.126
MinimumVisualStudioVersion = 10.0.40219.1
Project("{FAE04EC0-301F-11D3-BF4B-00C04F79EFBC}") = "Dependency Inversion Principle", "Dependency Inversion Principle\Dependency Inversion Principle.csproj", "{47DE30FA-F4FD-4A10-A7CE-984ED6887453}"
EndProject
Global
	GlobalSection(SolutionConfigurationPlatforms) = preSolution
		Debug|Any CPU = Debug|Any CPU
		Release|Any CPU = Release|Any CPU
	EndGlobalSection
	GlobalSection(ProjectConfigurationPlatforms) = postSolution
		{47DE30FA-F4FD-4A10-A7CE-984ED6887453}.Debug|Any CPU.ActiveCfg = Debug|Any CPU
		{47DE30FA-F4FD-4A10-A7CE-984ED6887453}.Debug|Any CPU.Build.0 = Debug|Any CPU
		{47DE30FA-F4FD-4A10-A7CE-984ED6887453}.Release|Any CPU.ActiveCfg = Release|Any CPU
		{47DE30FA-F4FD-4A10-A7CE-984ED6887453}.Release|Any CPU.Build.0 = Release|Any CPU
	EndGlobalSection
	GlobalSection(SolutionProperties) = preSolution
		HideSolutionNode = FALSE
	EndGlobalSection
	GlobalSection(ExtensibilityGlobals) = postSolution
		SolutionGuid = {59651446-C66A-442B-9352-9F31F9EB33A3}
	EndGlobalSection
EndGlobal
